
Microsoft Visual Studio Solution File, Format Version 12.00
# Visual Studio Version 16
VisualStudioVersion = 16.0.30804.86
MinimumVisualStudioVersion = 10.0.40219.1
Project("{FAE04EC0-301F-11D3-BF4B-00C04F79EFBC}") = "WebApplication", "WebApplication.csproj", "{860E11F9-1FDD-4F6F-B72F-CD8F2BF9449B}"
EndProject
Project("{9A19103F-16F7-4668-BE54-9A1E7A4F7556}") = "DTO", "..\..\..\..\..\..\repositorios\DestineJaPlatform\Application\DTO\DTO.csproj", "{9CD018F2-6CD8-40BF-90D3-B22CAE3069ED}"
EndProject
Project("{9A19103F-16F7-4668-BE54-9A1E7A4F7556}") = "ApplicationDbContext", "..\..\..\..\..\..\repositorios\DestineJaPlatform\Application\ApplicationDbContext\ApplicationDbContext.csproj", "{D8167A0A-A01A-4589-872C-AE97B1F134DA}"
EndProject
Project("{9A19103F-16F7-4668-BE54-9A1E7A4F7556}") = "AspNetIdentityDbContext", "..\..\..\..\..\..\repositorios\DestineJaPlatform\Application\ApplicationIdentityDbContext\AspNetIdentityDbContext.csproj", "{64156561-07C0-4DBC-95AB-8B1A46999688}"
EndProject
Project("{9A19103F-16F7-4668-BE54-9A1E7A4F7556}") = "Services", "..\..\..\..\..\..\repositorios\DestineJaPlatform\Application\Services\Services.csproj", "{97B98BF8-CBE8-4A17-9B9B-C8AA8E97E54A}"
EndProject
Global
	GlobalSection(SolutionConfigurationPlatforms) = preSolution
		Debug|Any CPU = Debug|Any CPU
		Release|Any CPU = Release|Any CPU
	EndGlobalSection
	GlobalSection(ProjectConfigurationPlatforms) = postSolution
		{860E11F9-1FDD-4F6F-B72F-CD8F2BF9449B}.Debug|Any CPU.ActiveCfg = Debug|Any CPU
		{860E11F9-1FDD-4F6F-B72F-CD8F2BF9449B}.Debug|Any CPU.Build.0 = Debug|Any CPU
		{860E11F9-1FDD-4F6F-B72F-CD8F2BF9449B}.Release|Any CPU.ActiveCfg = Release|Any CPU
		{860E11F9-1FDD-4F6F-B72F-CD8F2BF9449B}.Release|Any CPU.Build.0 = Release|Any CPU
		{9CD018F2-6CD8-40BF-90D3-B22CAE3069ED}.Debug|Any CPU.ActiveCfg = Debug|Any CPU
		{9CD018F2-6CD8-40BF-90D3-B22CAE3069ED}.Debug|Any CPU.Build.0 = Debug|Any CPU
		{9CD018F2-6CD8-40BF-90D3-B22CAE3069ED}.Release|Any CPU.ActiveCfg = Release|Any CPU
		{9CD018F2-6CD8-40BF-90D3-B22CAE3069ED}.Release|Any CPU.Build.0 = Release|Any CPU
		{D8167A0A-A01A-4589-872C-AE97B1F134DA}.Debug|Any CPU.ActiveCfg = Debug|Any CPU
		{D8167A0A-A01A-4589-872C-AE97B1F134DA}.Debug|Any CPU.Build.0 = Debug|Any CPU
		{D8167A0A-A01A-4589-872C-AE97B1F134DA}.Release|Any CPU.ActiveCfg = Release|Any CPU
		{D8167A0A-A01A-4589-872C-AE97B1F134DA}.Release|Any CPU.Build.0 = Release|Any CPU
		{64156561-07C0-4DBC-95AB-8B1A46999688}.Debug|Any CPU.ActiveCfg = Debug|Any CPU
		{64156561-07C0-4DBC-95AB-8B1A46999688}.Debug|Any CPU.Build.0 = Debug|Any CPU
		{64156561-07C0-4DBC-95AB-8B1A46999688}.Release|Any CPU.ActiveCfg = Release|Any CPU
		{64156561-07C0-4DBC-95AB-8B1A46999688}.Release|Any CPU.Build.0 = Release|Any CPU
		{97B98BF8-CBE8-4A17-9B9B-C8AA8E97E54A}.Debug|Any CPU.ActiveCfg = Debug|Any CPU
		{97B98BF8-CBE8-4A17-9B9B-C8AA8E97E54A}.Debug|Any CPU.Build.0 = Debug|Any CPU
		{97B98BF8-CBE8-4A17-9B9B-C8AA8E97E54A}.Release|Any CPU.ActiveCfg = Release|Any CPU
		{97B98BF8-CBE8-4A17-9B9B-C8AA8E97E54A}.Release|Any CPU.Build.0 = Release|Any CPU
	EndGlobalSection
	GlobalSection(SolutionProperties) = preSolution
		HideSolutionNode = FALSE
	EndGlobalSection
	GlobalSection(ExtensibilityGlobals) = postSolution
		SolutionGuid = {E1563F8B-B6D4-40A9-BED4-3B9A190A2346}
	EndGlobalSection
EndGlobal
